// !$*UTF8*$!
{
	archiveVersion = 1;
	classes = {
	};
	objectVersion = 46;
	objects = {

/* Begin PBXBuildFile section */
		75417DA71D719DA400522F64 /* AnimationVC.m in Sources */ = {isa = PBXBuildFile; fileRef = 75417DA61D719DA400522F64 /* AnimationVC.m */; };
		756D69EA1D75C40D00704334 /* MBProgressHUD.m in Sources */ = {isa = PBXBuildFile; fileRef = 756D69E91D75C40D00704334 /* MBProgressHUD.m */; };
		756D69EE1D75CD6100704334 /* AlumTestVC.m in Sources */ = {isa = PBXBuildFile; fileRef = 756D69ED1D75CD6100704334 /* AlumTestVC.m */; };
		757301AE1D5B48FF00253AC9 /* main.m in Sources */ = {isa = PBXBuildFile; fileRef = 757301AD1D5B48FF00253AC9 /* main.m */; };
		757301B11D5B48FF00253AC9 /* AppDelegate.m in Sources */ = {isa = PBXBuildFile; fileRef = 757301B01D5B48FF00253AC9 /* AppDelegate.m */; };
		757301B41D5B48FF00253AC9 /* ViewController.m in Sources */ = {isa = PBXBuildFile; fileRef = 757301B31D5B48FF00253AC9 /* ViewController.m */; };
		757301B71D5B48FF00253AC9 /* Main.storyboard in Resources */ = {isa = PBXBuildFile; fileRef = 757301B51D5B48FF00253AC9 /* Main.storyboard */; };
		757301B91D5B48FF00253AC9 /* Assets.xcassets in Resources */ = {isa = PBXBuildFile; fileRef = 757301B81D5B48FF00253AC9 /* Assets.xcassets */; };
		757301BC1D5B48FF00253AC9 /* LaunchScreen.storyboard in Resources */ = {isa = PBXBuildFile; fileRef = 757301BA1D5B48FF00253AC9 /* LaunchScreen.storyboard */; };
		757301C51D5B49B600253AC9 /* TestCell.m in Sources */ = {isa = PBXBuildFile; fileRef = 757301C41D5B49B600253AC9 /* TestCell.m */; };
		757301CB1D5B4DC500253AC9 /* GestureVC.m in Sources */ = {isa = PBXBuildFile; fileRef = 757301CA1D5B4DC500253AC9 /* GestureVC.m */; };
		75A43B7F1D75A6B7002DE0CF /* SelectImageController.m in Sources */ = {isa = PBXBuildFile; fileRef = 75A43B7E1D75A6B7002DE0CF /* SelectImageController.m */; };
		75A43B9C1D75A781002DE0CF /* Info.plist in Resources */ = {isa = PBXBuildFile; fileRef = 75A43B821D75A781002DE0CF /* Info.plist */; };
		75A43B9D1D75A781002DE0CF /* MASCompositeConstraint.m in Sources */ = {isa = PBXBuildFile; fileRef = 75A43B841D75A781002DE0CF /* MASCompositeConstraint.m */; };
		75A43B9E1D75A781002DE0CF /* MASConstraint.m in Sources */ = {isa = PBXBuildFile; fileRef = 75A43B871D75A781002DE0CF /* MASConstraint.m */; };
		75A43B9F1D75A781002DE0CF /* MASConstraintMaker.m in Sources */ = {isa = PBXBuildFile; fileRef = 75A43B891D75A781002DE0CF /* MASConstraintMaker.m */; };
		75A43BA01D75A781002DE0CF /* MASLayoutConstraint.m in Sources */ = {isa = PBXBuildFile; fileRef = 75A43B8B1D75A781002DE0CF /* MASLayoutConstraint.m */; };
		75A43BA11D75A781002DE0CF /* MASViewAttribute.m in Sources */ = {isa = PBXBuildFile; fileRef = 75A43B8F1D75A781002DE0CF /* MASViewAttribute.m */; };
		75A43BA21D75A781002DE0CF /* MASViewConstraint.m in Sources */ = {isa = PBXBuildFile; fileRef = 75A43B911D75A781002DE0CF /* MASViewConstraint.m */; };
		75A43BA31D75A781002DE0CF /* NSArray+MASAdditions.m in Sources */ = {isa = PBXBuildFile; fileRef = 75A43B931D75A781002DE0CF /* NSArray+MASAdditions.m */; };
		75A43BA41D75A781002DE0CF /* NSLayoutConstraint+MASDebugAdditions.m in Sources */ = {isa = PBXBuildFile; fileRef = 75A43B961D75A781002DE0CF /* NSLayoutConstraint+MASDebugAdditions.m */; };
		75A43BA51D75A781002DE0CF /* View+MASAdditions.m in Sources */ = {isa = PBXBuildFile; fileRef = 75A43B981D75A781002DE0CF /* View+MASAdditions.m */; };
		75A43BA61D75A781002DE0CF /* ViewController+MASAdditions.m in Sources */ = {isa = PBXBuildFile; fileRef = 75A43B9B1D75A781002DE0CF /* ViewController+MASAdditions.m */; };
		75A43BA91D75ADE4002DE0CF /* SelectImageCell.m in Sources */ = {isa = PBXBuildFile; fileRef = 75A43BA81D75ADE4002DE0CF /* SelectImageCell.m */; };
		75FE84CE1D7A7EBE00E45DBE /* ContextRefVC.m in Sources */ = {isa = PBXBuildFile; fileRef = 75FE84CD1D7A7EBE00E45DBE /* ContextRefVC.m */; };
/* End PBXBuildFile section */

/* Begin PBXFileReference section */
		75417DA51D719DA400522F64 /* AnimationVC.h */ = {isa = PBXFileReference; fileEncoding = 4; lastKnownFileType = sourcecode.c.h; path = AnimationVC.h; sourceTree = "<group>"; };
		75417DA61D719DA400522F64 /* AnimationVC.m */ = {isa = PBXFileReference; fileEncoding = 4; lastKnownFileType = sourcecode.c.objc; path = AnimationVC.m; sourceTree = "<group>"; };
		756D69E81D75C40D00704334 /* MBProgressHUD.h */ = {isa = PBXFileReference; fileEncoding = 4; lastKnownFileType = sourcecode.c.h; path = MBProgressHUD.h; sourceTree = "<group>"; };
		756D69E91D75C40D00704334 /* MBProgressHUD.m */ = {isa = PBXFileReference; fileEncoding = 4; lastKnownFileType = sourcecode.c.objc; path = MBProgressHUD.m; sourceTree = "<group>"; };
		756D69EC1D75CD6100704334 /* AlumTestVC.h */ = {isa = PBXFileReference; fileEncoding = 4; lastKnownFileType = sourcecode.c.h; path = AlumTestVC.h; sourceTree = "<group>"; };
		756D69ED1D75CD6100704334 /* AlumTestVC.m */ = {isa = PBXFileReference; fileEncoding = 4; lastKnownFileType = sourcecode.c.objc; path = AlumTestVC.m; sourceTree = "<group>"; };
		757301A91D5B48FF00253AC9 /* FunctionTest.app */ = {isa = PBXFileReference; explicitFileType = wrapper.application; includeInIndex = 0; path = FunctionTest.app; sourceTree = BUILT_PRODUCTS_DIR; };
		757301AD1D5B48FF00253AC9 /* main.m */ = {isa = PBXFileReference; lastKnownFileType = sourcecode.c.objc; path = main.m; sourceTree = "<group>"; };
		757301AF1D5B48FF00253AC9 /* AppDelegate.h */ = {isa = PBXFileReference; lastKnownFileType = sourcecode.c.h; path = AppDelegate.h; sourceTree = "<group>"; };
		757301B01D5B48FF00253AC9 /* AppDelegate.m */ = {isa = PBXFileReference; lastKnownFileType = sourcecode.c.objc; path = AppDelegate.m; sourceTree = "<group>"; };
		757301B21D5B48FF00253AC9 /* ViewController.h */ = {isa = PBXFileReference; lastKnownFileType = sourcecode.c.h; path = ViewController.h; sourceTree = "<group>"; };
		757301B31D5B48FF00253AC9 /* ViewController.m */ = {isa = PBXFileReference; lastKnownFileType = sourcecode.c.objc; path = ViewController.m; sourceTree = "<group>"; };
		757301B61D5B48FF00253AC9 /* Base */ = {isa = PBXFileReference; lastKnownFileType = file.storyboard; name = Base; path = Base.lproj/Main.storyboard; sourceTree = "<group>"; };
		757301B81D5B48FF00253AC9 /* Assets.xcassets */ = {isa = PBXFileReference; lastKnownFileType = folder.assetcatalog; path = Assets.xcassets; sourceTree = "<group>"; };
		757301BB1D5B48FF00253AC9 /* Base */ = {isa = PBXFileReference; lastKnownFileType = file.storyboard; name = Base; path = Base.lproj/LaunchScreen.storyboard; sourceTree = "<group>"; };
		757301BD1D5B48FF00253AC9 /* Info.plist */ = {isa = PBXFileReference; lastKnownFileType = text.plist.xml; path = Info.plist; sourceTree = "<group>"; };
		757301C31D5B49B600253AC9 /* TestCell.h */ = {isa = PBXFileReference; fileEncoding = 4; lastKnownFileType = sourcecode.c.h; path = TestCell.h; sourceTree = "<group>"; };
		757301C41D5B49B600253AC9 /* TestCell.m */ = {isa = PBXFileReference; fileEncoding = 4; lastKnownFileType = sourcecode.c.objc; path = TestCell.m; sourceTree = "<group>"; };
		757301C61D5B4A6F00253AC9 /* PrefixHeader.pch */ = {isa = PBXFileReference; lastKnownFileType = sourcecode.c.h; path = PrefixHeader.pch; sourceTree = "<group>"; };
		757301C91D5B4DC500253AC9 /* GestureVC.h */ = {isa = PBXFileReference; fileEncoding = 4; lastKnownFileType = sourcecode.c.h; path = GestureVC.h; sourceTree = "<group>"; };
		757301CA1D5B4DC500253AC9 /* GestureVC.m */ = {isa = PBXFileReference; fileEncoding = 4; lastKnownFileType = sourcecode.c.objc; path = GestureVC.m; sourceTree = "<group>"; };
		75A43B7D1D75A6B7002DE0CF /* SelectImageController.h */ = {isa = PBXFileReference; fileEncoding = 4; lastKnownFileType = sourcecode.c.h; path = SelectImageController.h; sourceTree = "<group>"; };
		75A43B7E1D75A6B7002DE0CF /* SelectImageController.m */ = {isa = PBXFileReference; fileEncoding = 4; lastKnownFileType = sourcecode.c.objc; path = SelectImageController.m; sourceTree = "<group>"; };
		75A43B821D75A781002DE0CF /* Info.plist */ = {isa = PBXFileReference; fileEncoding = 4; lastKnownFileType = text.plist.xml; path = Info.plist; sourceTree = "<group>"; };
		75A43B831D75A781002DE0CF /* MASCompositeConstraint.h */ = {isa = PBXFileReference; fileEncoding = 4; lastKnownFileType = sourcecode.c.h; path = MASCompositeConstraint.h; sourceTree = "<group>"; };
		75A43B841D75A781002DE0CF /* MASCompositeConstraint.m */ = {isa = PBXFileReference; fileEncoding = 4; lastKnownFileType = sourcecode.c.objc; path = MASCompositeConstraint.m; sourceTree = "<group>"; };
		75A43B851D75A781002DE0CF /* MASConstraint+Private.h */ = {isa = PBXFileReference; fileEncoding = 4; lastKnownFileType = sourcecode.c.h; path = "MASConstraint+Private.h"; sourceTree = "<group>"; };
		75A43B861D75A781002DE0CF /* MASConstraint.h */ = {isa = PBXFileReference; fileEncoding = 4; lastKnownFileType = sourcecode.c.h; path = MASConstraint.h; sourceTree = "<group>"; };
		75A43B871D75A781002DE0CF /* MASConstraint.m */ = {isa = PBXFileReference; fileEncoding = 4; lastKnownFileType = sourcecode.c.objc; path = MASConstraint.m; sourceTree = "<group>"; };
		75A43B881D75A781002DE0CF /* MASConstraintMaker.h */ = {isa = PBXFileReference; fileEncoding = 4; lastKnownFileType = sourcecode.c.h; path = MASConstraintMaker.h; sourceTree = "<group>"; };
		75A43B891D75A781002DE0CF /* MASConstraintMaker.m */ = {isa = PBXFileReference; fileEncoding = 4; lastKnownFileType = sourcecode.c.objc; path = MASConstraintMaker.m; sourceTree = "<group>"; };
		75A43B8A1D75A781002DE0CF /* MASLayoutConstraint.h */ = {isa = PBXFileReference; fileEncoding = 4; lastKnownFileType = sourcecode.c.h; path = MASLayoutConstraint.h; sourceTree = "<group>"; };
		75A43B8B1D75A781002DE0CF /* MASLayoutConstraint.m */ = {isa = PBXFileReference; fileEncoding = 4; lastKnownFileType = sourcecode.c.objc; path = MASLayoutConstraint.m; sourceTree = "<group>"; };
		75A43B8C1D75A781002DE0CF /* Masonry.h */ = {isa = PBXFileReference; fileEncoding = 4; lastKnownFileType = sourcecode.c.h; path = Masonry.h; sourceTree = "<group>"; };
		75A43B8D1D75A781002DE0CF /* MASUtilities.h */ = {isa = PBXFileReference; fileEncoding = 4; lastKnownFileType = sourcecode.c.h; path = MASUtilities.h; sourceTree = "<group>"; };
		75A43B8E1D75A781002DE0CF /* MASViewAttribute.h */ = {isa = PBXFileReference; fileEncoding = 4; lastKnownFileType = sourcecode.c.h; path = MASViewAttribute.h; sourceTree = "<group>"; };
		75A43B8F1D75A781002DE0CF /* MASViewAttribute.m */ = {isa = PBXFileReference; fileEncoding = 4; lastKnownFileType = sourcecode.c.objc; path = MASViewAttribute.m; sourceTree = "<group>"; };
		75A43B901D75A781002DE0CF /* MASViewConstraint.h */ = {isa = PBXFileReference; fileEncoding = 4; lastKnownFileType = sourcecode.c.h; path = MASViewConstraint.h; sourceTree = "<group>"; };
		75A43B911D75A781002DE0CF /* MASViewConstraint.m */ = {isa = PBXFileReference; fileEncoding = 4; lastKnownFileType = sourcecode.c.objc; path = MASViewConstraint.m; sourceTree = "<group>"; };
		75A43B921D75A781002DE0CF /* NSArray+MASAdditions.h */ = {isa = PBXFileReference; fileEncoding = 4; lastKnownFileType = sourcecode.c.h; path = "NSArray+MASAdditions.h"; sourceTree = "<group>"; };
		75A43B931D75A781002DE0CF /* NSArray+MASAdditions.m */ = {isa = PBXFileReference; fileEncoding = 4; lastKnownFileType = sourcecode.c.objc; path = "NSArray+MASAdditions.m"; sourceTree = "<group>"; };
		75A43B941D75A781002DE0CF /* NSArray+MASShorthandAdditions.h */ = {isa = PBXFileReference; fileEncoding = 4; lastKnownFileType = sourcecode.c.h; path = "NSArray+MASShorthandAdditions.h"; sourceTree = "<group>"; };
		75A43B951D75A781002DE0CF /* NSLayoutConstraint+MASDebugAdditions.h */ = {isa = PBXFileReference; fileEncoding = 4; lastKnownFileType = sourcecode.c.h; path = "NSLayoutConstraint+MASDebugAdditions.h"; sourceTree = "<group>"; };
		75A43B961D75A781002DE0CF /* NSLayoutConstraint+MASDebugAdditions.m */ = {isa = PBXFileReference; fileEncoding = 4; lastKnownFileType = sourcecode.c.objc; path = "NSLayoutConstraint+MASDebugAdditions.m"; sourceTree = "<group>"; };
		75A43B971D75A781002DE0CF /* View+MASAdditions.h */ = {isa = PBXFileReference; fileEncoding = 4; lastKnownFileType = sourcecode.c.h; path = "View+MASAdditions.h"; sourceTree = "<group>"; };
		75A43B981D75A781002DE0CF /* View+MASAdditions.m */ = {isa = PBXFileReference; fileEncoding = 4; lastKnownFileType = sourcecode.c.objc; path = "View+MASAdditions.m"; sourceTree = "<group>"; };
		75A43B991D75A781002DE0CF /* View+MASShorthandAdditions.h */ = {isa = PBXFileReference; fileEncoding = 4; lastKnownFileType = sourcecode.c.h; path = "View+MASShorthandAdditions.h"; sourceTree = "<group>"; };
		75A43B9A1D75A781002DE0CF /* ViewController+MASAdditions.h */ = {isa = PBXFileReference; fileEncoding = 4; lastKnownFileType = sourcecode.c.h; path = "ViewController+MASAdditions.h"; sourceTree = "<group>"; };
		75A43B9B1D75A781002DE0CF /* ViewController+MASAdditions.m */ = {isa = PBXFileReference; fileEncoding = 4; lastKnownFileType = sourcecode.c.objc; path = "ViewController+MASAdditions.m"; sourceTree = "<group>"; };
		75A43BA71D75ADE4002DE0CF /* SelectImageCell.h */ = {isa = PBXFileReference; fileEncoding = 4; lastKnownFileType = sourcecode.c.h; path = SelectImageCell.h; sourceTree = "<group>"; };
		75A43BA81D75ADE4002DE0CF /* SelectImageCell.m */ = {isa = PBXFileReference; fileEncoding = 4; lastKnownFileType = sourcecode.c.objc; path = SelectImageCell.m; sourceTree = "<group>"; };
		75FE84CC1D7A7EBE00E45DBE /* ContextRefVC.h */ = {isa = PBXFileReference; fileEncoding = 4; lastKnownFileType = sourcecode.c.h; path = ContextRefVC.h; sourceTree = "<group>"; };
		75FE84CD1D7A7EBE00E45DBE /* ContextRefVC.m */ = {isa = PBXFileReference; fileEncoding = 4; lastKnownFileType = sourcecode.c.objc; path = ContextRefVC.m; sourceTree = "<group>"; };
/* End PBXFileReference section */

/* Begin PBXFrameworksBuildPhase section */
		757301A61D5B48FF00253AC9 /* Frameworks */ = {
			isa = PBXFrameworksBuildPhase;
			buildActionMask = 2147483647;
			files = (
			);
			runOnlyForDeploymentPostprocessing = 0;
		};
/* End PBXFrameworksBuildPhase section */

/* Begin PBXGroup section */
		75417DA41D719D9400522F64 /* AnimationTest */ = {
			isa = PBXGroup;
			children = (
				75417DA51D719DA400522F64 /* AnimationVC.h */,
				75417DA61D719DA400522F64 /* AnimationVC.m */,
			);
			path = AnimationTest;
			sourceTree = "<group>";
		};
		756D69E71D75C40D00704334 /* MBProgressHUD */ = {
			isa = PBXGroup;
			children = (
				756D69E81D75C40D00704334 /* MBProgressHUD.h */,
				756D69E91D75C40D00704334 /* MBProgressHUD.m */,
			);
			path = MBProgressHUD;
			sourceTree = "<group>";
		};
		756D69EB1D75CD5400704334 /* AlumTest */ = {
			isa = PBXGroup;
			children = (
				756D69EC1D75CD6100704334 /* AlumTestVC.h */,
				756D69ED1D75CD6100704334 /* AlumTestVC.m */,
			);
			path = AlumTest;
			sourceTree = "<group>";
		};
		757301A01D5B48FF00253AC9 = {
			isa = PBXGroup;
			children = (
				757301AB1D5B48FF00253AC9 /* FunctionTest */,
				757301AA1D5B48FF00253AC9 /* Products */,
			);
			sourceTree = "<group>";
		};
		757301AA1D5B48FF00253AC9 /* Products */ = {
			isa = PBXGroup;
			children = (
				757301A91D5B48FF00253AC9 /* FunctionTest.app */,
			);
			name = Products;
			sourceTree = "<group>";
		};
		757301AB1D5B48FF00253AC9 /* FunctionTest */ = {
			isa = PBXGroup;
			children = (
				75A43B801D75A781002DE0CF /* Lib */,
				75A43B7B1D75A6A1002DE0CF /* Util */,
				757301C71D5B4D9300253AC9 /* TestVC */,
				757301AF1D5B48FF00253AC9 /* AppDelegate.h */,
				757301B01D5B48FF00253AC9 /* AppDelegate.m */,
				757301B21D5B48FF00253AC9 /* ViewController.h */,
				757301B31D5B48FF00253AC9 /* ViewController.m */,
				757301B51D5B48FF00253AC9 /* Main.storyboard */,
				757301B81D5B48FF00253AC9 /* Assets.xcassets */,
				757301BA1D5B48FF00253AC9 /* LaunchScreen.storyboard */,
				757301BD1D5B48FF00253AC9 /* Info.plist */,
				757301AC1D5B48FF00253AC9 /* Supporting Files */,
				757301C31D5B49B600253AC9 /* TestCell.h */,
				757301C41D5B49B600253AC9 /* TestCell.m */,
				757301C61D5B4A6F00253AC9 /* PrefixHeader.pch */,
			);
			path = FunctionTest;
			sourceTree = "<group>";
		};
		757301AC1D5B48FF00253AC9 /* Supporting Files */ = {
			isa = PBXGroup;
			children = (
				757301AD1D5B48FF00253AC9 /* main.m */,
			);
			name = "Supporting Files";
			sourceTree = "<group>";
		};
		757301C71D5B4D9300253AC9 /* TestVC */ = {
			isa = PBXGroup;
			children = (
				75FE84C81D7A7E7300E45DBE /* CGContextRefVC */,
				756D69EB1D75CD5400704334 /* AlumTest */,
				75417DA41D719D9400522F64 /* AnimationTest */,
				757301C81D5B4DB300253AC9 /* GestureVC */,
			);
			path = TestVC;
			sourceTree = "<group>";
		};
		757301C81D5B4DB300253AC9 /* GestureVC */ = {
			isa = PBXGroup;
			children = (
				757301C91D5B4DC500253AC9 /* GestureVC.h */,
				757301CA1D5B4DC500253AC9 /* GestureVC.m */,
			);
			path = GestureVC;
			sourceTree = "<group>";
		};
		75A43B7B1D75A6A1002DE0CF /* Util */ = {
			isa = PBXGroup;
			children = (
				75A43B7C1D75A6A1002DE0CF /* ImageSelect */,
			);
			path = Util;
			sourceTree = "<group>";
		};
		75A43B7C1D75A6A1002DE0CF /* ImageSelect */ = {
			isa = PBXGroup;
			children = (
				75A43B7D1D75A6B7002DE0CF /* SelectImageController.h */,
				75A43B7E1D75A6B7002DE0CF /* SelectImageController.m */,
				75A43BA71D75ADE4002DE0CF /* SelectImageCell.h */,
				75A43BA81D75ADE4002DE0CF /* SelectImageCell.m */,
			);
			path = ImageSelect;
			sourceTree = "<group>";
		};
		75A43B801D75A781002DE0CF /* Lib */ = {
			isa = PBXGroup;
			children = (
				756D69E71D75C40D00704334 /* MBProgressHUD */,
				75A43B811D75A781002DE0CF /* Masonry */,
			);
			path = Lib;
			sourceTree = "<group>";
		};
		75A43B811D75A781002DE0CF /* Masonry */ = {
			isa = PBXGroup;
			children = (
				75A43B821D75A781002DE0CF /* Info.plist */,
				75A43B831D75A781002DE0CF /* MASCompositeConstraint.h */,
				75A43B841D75A781002DE0CF /* MASCompositeConstraint.m */,
				75A43B851D75A781002DE0CF /* MASConstraint+Private.h */,
				75A43B861D75A781002DE0CF /* MASConstraint.h */,
				75A43B871D75A781002DE0CF /* MASConstraint.m */,
				75A43B881D75A781002DE0CF /* MASConstraintMaker.h */,
				75A43B891D75A781002DE0CF /* MASConstraintMaker.m */,
				75A43B8A1D75A781002DE0CF /* MASLayoutConstraint.h */,
				75A43B8B1D75A781002DE0CF /* MASLayoutConstraint.m */,
				75A43B8C1D75A781002DE0CF /* Masonry.h */,
				75A43B8D1D75A781002DE0CF /* MASUtilities.h */,
				75A43B8E1D75A781002DE0CF /* MASViewAttribute.h */,
				75A43B8F1D75A781002DE0CF /* MASViewAttribute.m */,
				75A43B901D75A781002DE0CF /* MASViewConstraint.h */,
				75A43B911D75A781002DE0CF /* MASViewConstraint.m */,
				75A43B921D75A781002DE0CF /* NSArray+MASAdditions.h */,
				75A43B931D75A781002DE0CF /* NSArray+MASAdditions.m */,
				75A43B941D75A781002DE0CF /* NSArray+MASShorthandAdditions.h */,
				75A43B951D75A781002DE0CF /* NSLayoutConstraint+MASDebugAdditions.h */,
				75A43B961D75A781002DE0CF /* NSLayoutConstraint+MASDebugAdditions.m */,
				75A43B971D75A781002DE0CF /* View+MASAdditions.h */,
				75A43B981D75A781002DE0CF /* View+MASAdditions.m */,
				75A43B991D75A781002DE0CF /* View+MASShorthandAdditions.h */,
				75A43B9A1D75A781002DE0CF /* ViewController+MASAdditions.h */,
				75A43B9B1D75A781002DE0CF /* ViewController+MASAdditions.m */,
			);
			path = Masonry;
			sourceTree = "<group>";
		};
		75FE84C81D7A7E7300E45DBE /* CGContextRefVC */ = {
			isa = PBXGroup;
			children = (
				75FE84C91D7A7E9F00E45DBE /* Controller */,
				75FE84CA1D7A7E9F00E45DBE /* Model */,
				75FE84CB1D7A7E9F00E45DBE /* View */,
			);
			path = CGContextRefVC;
			sourceTree = "<group>";
		};
		75FE84C91D7A7E9F00E45DBE /* Controller */ = {
			isa = PBXGroup;
			children = (
				75FE84CC1D7A7EBE00E45DBE /* ContextRefVC.h */,
				75FE84CD1D7A7EBE00E45DBE /* ContextRefVC.m */,
			);
			path = Controller;
			sourceTree = "<group>";
		};
		75FE84CA1D7A7E9F00E45DBE /* Model */ = {
			isa = PBXGroup;
			children = (
			);
			path = Model;
			sourceTree = "<group>";
		};
		75FE84CB1D7A7E9F00E45DBE /* View */ = {
			isa = PBXGroup;
			children = (
			);
			path = View;
			sourceTree = "<group>";
		};
/* End PBXGroup section */

/* Begin PBXNativeTarget section */
		757301A81D5B48FF00253AC9 /* FunctionTest */ = {
			isa = PBXNativeTarget;
			buildConfigurationList = 757301C01D5B48FF00253AC9 /* Build configuration list for PBXNativeTarget "FunctionTest" */;
			buildPhases = (
				757301A51D5B48FF00253AC9 /* Sources */,
				757301A61D5B48FF00253AC9 /* Frameworks */,
				757301A71D5B48FF00253AC9 /* Resources */,
			);
			buildRules = (
			);
			dependencies = (
			);
			name = FunctionTest;
			productName = FunctionTest;
			productReference = 757301A91D5B48FF00253AC9 /* FunctionTest.app */;
			productType = "com.apple.product-type.application";
		};
/* End PBXNativeTarget section */

/* Begin PBXProject section */
		757301A11D5B48FF00253AC9 /* Project object */ = {
			isa = PBXProject;
			attributes = {
				LastUpgradeCheck = 0730;
				ORGANIZATIONNAME = "勒俊";
				TargetAttributes = {
					757301A81D5B48FF00253AC9 = {
						CreatedOnToolsVersion = 7.3.1;
					};
				};
			};
			buildConfigurationList = 757301A41D5B48FF00253AC9 /* Build configuration list for PBXProject "FunctionTest" */;
			compatibilityVersion = "Xcode 3.2";
			developmentRegion = English;
			hasScannedForEncodings = 0;
			knownRegions = (
				en,
				Base,
			);
			mainGroup = 757301A01D5B48FF00253AC9;
			productRefGroup = 757301AA1D5B48FF00253AC9 /* Products */;
			projectDirPath = "";
			projectRoot = "";
			targets = (
				757301A81D5B48FF00253AC9 /* FunctionTest */,
			);
		};
/* End PBXProject section */

/* Begin PBXResourcesBuildPhase section */
		757301A71D5B48FF00253AC9 /* Resources */ = {
			isa = PBXResourcesBuildPhase;
			buildActionMask = 2147483647;
			files = (
				75A43B9C1D75A781002DE0CF /* Info.plist in Resources */,
				757301BC1D5B48FF00253AC9 /* LaunchScreen.storyboard in Resources */,
				757301B91D5B48FF00253AC9 /* Assets.xcassets in Resources */,
				757301B71D5B48FF00253AC9 /* Main.storyboard in Resources */,
			);
			runOnlyForDeploymentPostprocessing = 0;
		};
/* End PBXResourcesBuildPhase section */

/* Begin PBXSourcesBuildPhase section */
		757301A51D5B48FF00253AC9 /* Sources */ = {
			isa = PBXSourcesBuildPhase;
			buildActionMask = 2147483647;
			files = (
				75A43BA31D75A781002DE0CF /* NSArray+MASAdditions.m in Sources */,
				75FE84CE1D7A7EBE00E45DBE /* ContextRefVC.m in Sources */,
				75A43BA21D75A781002DE0CF /* MASViewConstraint.m in Sources */,
				757301B41D5B48FF00253AC9 /* ViewController.m in Sources */,
				756D69EE1D75CD6100704334 /* AlumTestVC.m in Sources */,
				75A43B9F1D75A781002DE0CF /* MASConstraintMaker.m in Sources */,
				75A43BA51D75A781002DE0CF /* View+MASAdditions.m in Sources */,
				757301C51D5B49B600253AC9 /* TestCell.m in Sources */,
				75A43B9E1D75A781002DE0CF /* MASConstraint.m in Sources */,
				756D69EA1D75C40D00704334 /* MBProgressHUD.m in Sources */,
				75A43BA91D75ADE4002DE0CF /* SelectImageCell.m in Sources */,
				757301B11D5B48FF00253AC9 /* AppDelegate.m in Sources */,
				75A43BA11D75A781002DE0CF /* MASViewAttribute.m in Sources */,
				75A43BA41D75A781002DE0CF /* NSLayoutConstraint+MASDebugAdditions.m in Sources */,
				75A43B7F1D75A6B7002DE0CF /* SelectImageController.m in Sources */,
				75A43B9D1D75A781002DE0CF /* MASCompositeConstraint.m in Sources */,
				75A43BA01D75A781002DE0CF /* MASLayoutConstraint.m in Sources */,
				757301AE1D5B48FF00253AC9 /* main.m in Sources */,
				757301CB1D5B4DC500253AC9 /* GestureVC.m in Sources */,
				75A43BA61D75A781002DE0CF /* ViewController+MASAdditions.m in Sources */,
				75417DA71D719DA400522F64 /* AnimationVC.m in Sources */,
			);
			runOnlyForDeploymentPostprocessing = 0;
		};
/* End PBXSourcesBuildPhase section */

/* Begin PBXVariantGroup section */
		757301B51D5B48FF00253AC9 /* Main.storyboard */ = {
			isa = PBXVariantGroup;
			children = (
				757301B61D5B48FF00253AC9 /* Base */,
			);
			name = Main.storyboard;
			sourceTree = "<group>";
		};
		757301BA1D5B48FF00253AC9 /* LaunchScreen.storyboard */ = {
			isa = PBXVariantGroup;
			children = (
				757301BB1D5B48FF00253AC9 /* Base */,
			);
			name = LaunchScreen.storyboard;
			sourceTree = "<group>";
		};
/* End PBXVariantGroup section */

/* Begin XCBuildConfiguration section */
		757301BE1D5B48FF00253AC9 /* Debug */ = {
			isa = XCBuildConfiguration;
			buildSettings = {
				ALWAYS_SEARCH_USER_PATHS = NO;
				CLANG_ANALYZER_NONNULL = YES;
				CLANG_CXX_LANGUAGE_STANDARD = "gnu++0x";
				CLANG_CXX_LIBRARY = "libc++";
				CLANG_ENABLE_MODULES = YES;
				CLANG_ENABLE_OBJC_ARC = YES;
				CLANG_WARN_BOOL_CONVERSION = YES;
				CLANG_WARN_CONSTANT_CONVERSION = YES;
				CLANG_WARN_DIRECT_OBJC_ISA_USAGE = YES_ERROR;
				CLANG_WARN_EMPTY_BODY = YES;
				CLANG_WARN_ENUM_CONVERSION = YES;
				CLANG_WARN_INT_CONVERSION = YES;
				CLANG_WARN_OBJC_ROOT_CLASS = YES_ERROR;
				CLANG_WARN_UNREACHABLE_CODE = YES;
				CLANG_WARN__DUPLICATE_METHOD_MATCH = YES;
				"CODE_SIGN_IDENTITY[sdk=iphoneos*]" = "iPhone Developer";
				COPY_PHASE_STRIP = NO;
				DEBUG_INFORMATION_FORMAT = dwarf;
				ENABLE_STRICT_OBJC_MSGSEND = YES;
				ENABLE_TESTABILITY = YES;
				GCC_C_LANGUAGE_STANDARD = gnu99;
				GCC_DYNAMIC_NO_PIC = NO;
				GCC_NO_COMMON_BLOCKS = YES;
				GCC_OPTIMIZATION_LEVEL = 0;
				GCC_PREPROCESSOR_DEFINITIONS = (
					"DEBUG=1",
					"$(inherited)",
				);
				GCC_WARN_64_TO_32_BIT_CONVERSION = YES;
				GCC_WARN_ABOUT_RETURN_TYPE = YES_ERROR;
				GCC_WARN_UNDECLARED_SELECTOR = YES;
				GCC_WARN_UNINITIALIZED_AUTOS = YES_AGGRESSIVE;
				GCC_WARN_UNUSED_FUNCTION = YES;
				GCC_WARN_UNUSED_VARIABLE = YES;
				IPHONEOS_DEPLOYMENT_TARGET = 9.3;
				MTL_ENABLE_DEBUG_INFO = YES;
				ONLY_ACTIVE_ARCH = YES;
				SDKROOT = iphoneos;
				TARGETED_DEVICE_FAMILY = "1,2";
			};
			name = Debug;
		};
		757301BF1D5B48FF00253AC9 /* Release */ = {
			isa = XCBuildConfiguration;
			buildSettings = {
				ALWAYS_SEARCH_USER_PATHS = NO;
				CLANG_ANALYZER_NONNULL = YES;
				CLANG_CXX_LANGUAGE_STANDARD = "gnu++0x";
				CLANG_CXX_LIBRARY = "libc++";
				CLANG_ENABLE_MODULES = YES;
				CLANG_ENABLE_OBJC_ARC = YES;
				CLANG_WARN_BOOL_CONVERSION = YES;
				CLANG_WARN_CONSTANT_CONVERSION = YES;
				CLANG_WARN_DIRECT_OBJC_ISA_USAGE = YES_ERROR;
				CLANG_WARN_EMPTY_BODY = YES;
				CLANG_WARN_ENUM_CONVERSION = YES;
				CLANG_WARN_INT_CONVERSION = YES;
				CLANG_WARN_OBJC_ROOT_CLASS = YES_ERROR;
				CLANG_WARN_UNREACHABLE_CODE = YES;
				CLANG_WARN__DUPLICATE_METHOD_MATCH = YES;
				"CODE_SIGN_IDENTITY[sdk=iphoneos*]" = "iPhone Developer";
				COPY_PHASE_STRIP = NO;
				DEBUG_INFORMATION_FORMAT = "dwarf-with-dsym";
				ENABLE_NS_ASSERTIONS = NO;
				ENABLE_STRICT_OBJC_MSGSEND = YES;
				GCC_C_LANGUAGE_STANDARD = gnu99;
				GCC_NO_COMMON_BLOCKS = YES;
				GCC_WARN_64_TO_32_BIT_CONVERSION = YES;
				GCC_WARN_ABOUT_RETURN_TYPE = YES_ERROR;
				GCC_WARN_UNDECLARED_SELECTOR = YES;
				GCC_WARN_UNINITIALIZED_AUTOS = YES_AGGRESSIVE;
				GCC_WARN_UNUSED_FUNCTION = YES;
				GCC_WARN_UNUSED_VARIABLE = YES;
				IPHONEOS_DEPLOYMENT_TARGET = 9.3;
				MTL_ENABLE_DEBUG_INFO = NO;
				SDKROOT = iphoneos;
				TARGETED_DEVICE_FAMILY = "1,2";
				VALIDATE_PRODUCT = YES;
			};
			name = Release;
		};
		757301C11D5B48FF00253AC9 /* Debug */ = {
			isa = XCBuildConfiguration;
			buildSettings = {
				ASSETCATALOG_COMPILER_APPICON_NAME = AppIcon;
				GCC_PREFIX_HEADER = FunctionTest/PrefixHeader.pch;
				INFOPLIST_FILE = FunctionTest/Info.plist;
				LD_RUNPATH_SEARCH_PATHS = "$(inherited) @executable_path/Frameworks";
				PRODUCT_BUNDLE_IDENTIFIER = TJ.FunctionTest;
				PRODUCT_NAME = "$(TARGET_NAME)";
			};
			name = Debug;
		};
		757301C21D5B48FF00253AC9 /* Release */ = {
			isa = XCBuildConfiguration;
			buildSettings = {
				ASSETCATALOG_COMPILER_APPICON_NAME = AppIcon;
				GCC_PREFIX_HEADER = FunctionTest/PrefixHeader.pch;
				INFOPLIST_FILE = FunctionTest/Info.plist;
				LD_RUNPATH_SEARCH_PATHS = "$(inherited) @executable_path/Frameworks";
				PRODUCT_BUNDLE_IDENTIFIER = TJ.FunctionTest;
				PRODUCT_NAME = "$(TARGET_NAME)";
			};
			name = Release;
		};
/* End XCBuildConfiguration section */

/* Begin XCConfigurationList section */
		757301A41D5B48FF00253AC9 /* Build configuration list for PBXProject "FunctionTest" */ = {
			isa = XCConfigurationList;
			buildConfigurations = (
				757301BE1D5B48FF00253AC9 /* Debug */,
				757301BF1D5B48FF00253AC9 /* Release */,
			);
			defaultConfigurationIsVisible = 0;
			defaultConfigurationName = Release;
		};
		757301C01D5B48FF00253AC9 /* Build configuration list for PBXNativeTarget "FunctionTest" */ = {
			isa = XCConfigurationList;
			buildConfigurations = (
				757301C11D5B48FF00253AC9 /* Debug */,
				757301C21D5B48FF00253AC9 /* Release */,
			);
			defaultConfigurationIsVisible = 0;
			defaultConfigurationName = Release;
		};
/* End XCConfigurationList section */
	};
	rootObject = 757301A11D5B48FF00253AC9 /* Project object */;
}
